// !$*UTF8*$!
{
	archiveVersion = 1;
	classes = {
	};
	objectVersion = 56;
	objects = {

/* Begin PBXBuildFile section */
		561C4BD42BDEDCDE00D9099D /* SetviAppApp.swift in Sources */ = {isa = PBXBuildFile; fileRef = 561C4BD32BDEDCDE00D9099D /* SetviAppApp.swift */; };
		561C4BD62BDEDCDE00D9099D /* UserDetailsView.swift in Sources */ = {isa = PBXBuildFile; fileRef = 561C4BD52BDEDCDE00D9099D /* UserDetailsView.swift */; };
		561C4BD82BDEDCDE00D9099D /* Assets.xcassets in Resources */ = {isa = PBXBuildFile; fileRef = 561C4BD72BDEDCDE00D9099D /* Assets.xcassets */; };
		561C4BDB2BDEDCDE00D9099D /* Preview Assets.xcassets in Resources */ = {isa = PBXBuildFile; fileRef = 561C4BDA2BDEDCDE00D9099D /* Preview Assets.xcassets */; };
		561C4BE92BDEE05C00D9099D /* ColorSchemeManager.swift in Sources */ = {isa = PBXBuildFile; fileRef = 561C4BE82BDEE05C00D9099D /* ColorSchemeManager.swift */; };
		561C4BEB2BDEE09200D9099D /* Color+Ext.swift in Sources */ = {isa = PBXBuildFile; fileRef = 561C4BEA2BDEE09200D9099D /* Color+Ext.swift */; };
		561C4BED2BDEE0AD00D9099D /* UserDetailsService.swift in Sources */ = {isa = PBXBuildFile; fileRef = 561C4BEC2BDEE0AD00D9099D /* UserDetailsService.swift */; };
		561C4BEF2BDEE0BA00D9099D /* UserDetails.swift in Sources */ = {isa = PBXBuildFile; fileRef = 561C4BEE2BDEE0BA00D9099D /* UserDetails.swift */; };
		561C4BF22BDEE12A00D9099D /* Launch Screen.storyboard in Resources */ = {isa = PBXBuildFile; fileRef = 561C4BF12BDEE12A00D9099D /* Launch Screen.storyboard */; };
		562C854E2BE10EFA007064AC /* ReposViewModel.swift in Sources */ = {isa = PBXBuildFile; fileRef = 562C854D2BE10EFA007064AC /* ReposViewModel.swift */; };
		562C85502BE114F1007064AC /* Variable.swift in Sources */ = {isa = PBXBuildFile; fileRef = 562C854F2BE114F1007064AC /* Variable.swift */; };
		567C19452BE018750040EDFA /* ProfileView.swift in Sources */ = {isa = PBXBuildFile; fileRef = 567C19442BE018750040EDFA /* ProfileView.swift */; };
		567C19492BE023EF0040EDFA /* UIApplication+Ext.swift in Sources */ = {isa = PBXBuildFile; fileRef = 567C19482BE023EF0040EDFA /* UIApplication+Ext.swift */; };
		567C194C2BE029430040EDFA /* ReposViewController.swift in Sources */ = {isa = PBXBuildFile; fileRef = 567C194B2BE029430040EDFA /* ReposViewController.swift */; };
		567C194E2BE02BF60040EDFA /* ReposTableViewCell.swift in Sources */ = {isa = PBXBuildFile; fileRef = 567C194D2BE02BF60040EDFA /* ReposTableViewCell.swift */; };
		567C19502BE02C4D0040EDFA /* UITableViewCell+Ext.swift in Sources */ = {isa = PBXBuildFile; fileRef = 567C194F2BE02C4D0040EDFA /* UITableViewCell+Ext.swift */; };
		56989F6C2BDEE95000A2077B /* UserDetailsEndpoint.swift in Sources */ = {isa = PBXBuildFile; fileRef = 56989F6B2BDEE95000A2077B /* UserDetailsEndpoint.swift */; };
		56989F6E2BDEEA4100A2077B /* NetworkService.swift in Sources */ = {isa = PBXBuildFile; fileRef = 56989F6D2BDEEA4100A2077B /* NetworkService.swift */; };
		56989F702BDEEACD00A2077B /* UserDetailsViewModel.swift in Sources */ = {isa = PBXBuildFile; fileRef = 56989F6F2BDEEACD00A2077B /* UserDetailsViewModel.swift */; };
		56989F722BDEF0AF00A2077B /* ColorTheme.swift in Sources */ = {isa = PBXBuildFile; fileRef = 56989F712BDEF0AF00A2077B /* ColorTheme.swift */; };
/* End PBXBuildFile section */

/* Begin PBXFileReference section */
		561C4BD02BDEDCDE00D9099D /* SetviApp.app */ = {isa = PBXFileReference; explicitFileType = wrapper.application; includeInIndex = 0; path = SetviApp.app; sourceTree = BUILT_PRODUCTS_DIR; };
		561C4BD32BDEDCDE00D9099D /* SetviAppApp.swift */ = {isa = PBXFileReference; lastKnownFileType = sourcecode.swift; path = SetviAppApp.swift; sourceTree = "<group>"; };
		561C4BD52BDEDCDE00D9099D /* UserDetailsView.swift */ = {isa = PBXFileReference; lastKnownFileType = sourcecode.swift; path = UserDetailsView.swift; sourceTree = "<group>"; };
		561C4BD72BDEDCDE00D9099D /* Assets.xcassets */ = {isa = PBXFileReference; lastKnownFileType = folder.assetcatalog; path = Assets.xcassets; sourceTree = "<group>"; };
		561C4BDA2BDEDCDE00D9099D /* Preview Assets.xcassets */ = {isa = PBXFileReference; lastKnownFileType = folder.assetcatalog; path = "Preview Assets.xcassets"; sourceTree = "<group>"; };
		561C4BE82BDEE05C00D9099D /* ColorSchemeManager.swift */ = {isa = PBXFileReference; lastKnownFileType = sourcecode.swift; path = ColorSchemeManager.swift; sourceTree = "<group>"; };
		561C4BEA2BDEE09200D9099D /* Color+Ext.swift */ = {isa = PBXFileReference; lastKnownFileType = sourcecode.swift; path = "Color+Ext.swift"; sourceTree = "<group>"; };
		561C4BEC2BDEE0AD00D9099D /* UserDetailsService.swift */ = {isa = PBXFileReference; lastKnownFileType = sourcecode.swift; path = UserDetailsService.swift; sourceTree = "<group>"; };
		561C4BEE2BDEE0BA00D9099D /* UserDetails.swift */ = {isa = PBXFileReference; lastKnownFileType = sourcecode.swift; path = UserDetails.swift; sourceTree = "<group>"; };
		561C4BF12BDEE12A00D9099D /* Launch Screen.storyboard */ = {isa = PBXFileReference; lastKnownFileType = file.storyboard; path = "Launch Screen.storyboard"; sourceTree = "<group>"; };
		562C854D2BE10EFA007064AC /* ReposViewModel.swift */ = {isa = PBXFileReference; lastKnownFileType = sourcecode.swift; path = ReposViewModel.swift; sourceTree = "<group>"; };
		562C854F2BE114F1007064AC /* Variable.swift */ = {isa = PBXFileReference; lastKnownFileType = sourcecode.swift; path = Variable.swift; sourceTree = "<group>"; };
		567C19442BE018750040EDFA /* ProfileView.swift */ = {isa = PBXFileReference; lastKnownFileType = sourcecode.swift; path = ProfileView.swift; sourceTree = "<group>"; };
		567C19482BE023EF0040EDFA /* UIApplication+Ext.swift */ = {isa = PBXFileReference; lastKnownFileType = sourcecode.swift; path = "UIApplication+Ext.swift"; sourceTree = "<group>"; };
		567C194B2BE029430040EDFA /* ReposViewController.swift */ = {isa = PBXFileReference; lastKnownFileType = sourcecode.swift; path = ReposViewController.swift; sourceTree = "<group>"; };
		567C194D2BE02BF60040EDFA /* ReposTableViewCell.swift */ = {isa = PBXFileReference; lastKnownFileType = sourcecode.swift; path = ReposTableViewCell.swift; sourceTree = "<group>"; };
		567C194F2BE02C4D0040EDFA /* UITableViewCell+Ext.swift */ = {isa = PBXFileReference; lastKnownFileType = sourcecode.swift; path = "UITableViewCell+Ext.swift"; sourceTree = "<group>"; };
		56989F6B2BDEE95000A2077B /* UserDetailsEndpoint.swift */ = {isa = PBXFileReference; lastKnownFileType = sourcecode.swift; path = UserDetailsEndpoint.swift; sourceTree = "<group>"; };
		56989F6D2BDEEA4100A2077B /* NetworkService.swift */ = {isa = PBXFileReference; lastKnownFileType = sourcecode.swift; path = NetworkService.swift; sourceTree = "<group>"; };
		56989F6F2BDEEACD00A2077B /* UserDetailsViewModel.swift */ = {isa = PBXFileReference; lastKnownFileType = sourcecode.swift; path = UserDetailsViewModel.swift; sourceTree = "<group>"; };
		56989F712BDEF0AF00A2077B /* ColorTheme.swift */ = {isa = PBXFileReference; lastKnownFileType = sourcecode.swift; path = ColorTheme.swift; sourceTree = "<group>"; };
/* End PBXFileReference section */

/* Begin PBXFrameworksBuildPhase section */
		561C4BCD2BDEDCDE00D9099D /* Frameworks */ = {
			isa = PBXFrameworksBuildPhase;
			buildActionMask = 2147483647;
			files = (
			);
			runOnlyForDeploymentPostprocessing = 0;
		};
/* End PBXFrameworksBuildPhase section */

/* Begin PBXGroup section */
		561C4BC72BDEDCDD00D9099D = {
			isa = PBXGroup;
			children = (
				561C4BD22BDEDCDE00D9099D /* SetviApp */,
				561C4BD12BDEDCDE00D9099D /* Products */,
			);
			sourceTree = "<group>";
		};
		561C4BD12BDEDCDE00D9099D /* Products */ = {
			isa = PBXGroup;
			children = (
				561C4BD02BDEDCDE00D9099D /* SetviApp.app */,
			);
			name = Products;
			sourceTree = "<group>";
		};
		561C4BD22BDEDCDE00D9099D /* SetviApp */ = {
			isa = PBXGroup;
			children = (
				561C4BD32BDEDCDE00D9099D /* SetviAppApp.swift */,
				561C4BE12BDEDF5600D9099D /* Utilities */,
				561C4BE22BDEDF6500D9099D /* Extensions */,
				561C4BE32BDEDF8700D9099D /* Services */,
				561C4BE42BDEDF8C00D9099D /* Models */,
				561C4BE52BDEDF9C00D9099D /* Core */,
				561C4BE62BDEDFA200D9099D /* Resource */,
				561C4BD92BDEDCDE00D9099D /* Preview Content */,
			);
			path = SetviApp;
			sourceTree = "<group>";
		};
		561C4BD92BDEDCDE00D9099D /* Preview Content */ = {
			isa = PBXGroup;
			children = (
				561C4BDA2BDEDCDE00D9099D /* Preview Assets.xcassets */,
			);
			path = "Preview Content";
			sourceTree = "<group>";
		};
		561C4BE12BDEDF5600D9099D /* Utilities */ = {
			isa = PBXGroup;
			children = (
				561C4BE82BDEE05C00D9099D /* ColorSchemeManager.swift */,
				56989F712BDEF0AF00A2077B /* ColorTheme.swift */,
				562C854F2BE114F1007064AC /* Variable.swift */,
			);
			path = Utilities;
			sourceTree = "<group>";
		};
		561C4BE22BDEDF6500D9099D /* Extensions */ = {
			isa = PBXGroup;
			children = (
				561C4BEA2BDEE09200D9099D /* Color+Ext.swift */,
				567C19482BE023EF0040EDFA /* UIApplication+Ext.swift */,
				567C194F2BE02C4D0040EDFA /* UITableViewCell+Ext.swift */,
			);
			path = Extensions;
			sourceTree = "<group>";
		};
		561C4BE32BDEDF8700D9099D /* Services */ = {
			isa = PBXGroup;
			children = (
				56989F6D2BDEEA4100A2077B /* NetworkService.swift */,
				561C4BEC2BDEE0AD00D9099D /* UserDetailsService.swift */,
				56989F6B2BDEE95000A2077B /* UserDetailsEndpoint.swift */,
			);
			path = Services;
			sourceTree = "<group>";
		};
		561C4BE42BDEDF8C00D9099D /* Models */ = {
			isa = PBXGroup;
			children = (
				561C4BEE2BDEE0BA00D9099D /* UserDetails.swift */,
			);
			path = Models;
			sourceTree = "<group>";
		};
		561C4BE52BDEDF9C00D9099D /* Core */ = {
			isa = PBXGroup;
			children = (
				561C4BF02BDEE11500D9099D /* Launch */,
				561C4BE72BDEE02500D9099D /* UserDetails */,
				567C194A2BE029360040EDFA /* Repos */,
			);
			path = Core;
			sourceTree = "<group>";
		};
		561C4BE62BDEDFA200D9099D /* Resource */ = {
			isa = PBXGroup;
			children = (
				561C4BD72BDEDCDE00D9099D /* Assets.xcassets */,
			);
			path = Resource;
			sourceTree = "<group>";
		};
		561C4BE72BDEE02500D9099D /* UserDetails */ = {
			isa = PBXGroup;
			children = (
				56989F6F2BDEEACD00A2077B /* UserDetailsViewModel.swift */,
				561C4BD52BDEDCDE00D9099D /* UserDetailsView.swift */,
				567C19442BE018750040EDFA /* ProfileView.swift */,
			);
			path = UserDetails;
			sourceTree = "<group>";
		};
		561C4BF02BDEE11500D9099D /* Launch */ = {
			isa = PBXGroup;
			children = (
				561C4BF12BDEE12A00D9099D /* Launch Screen.storyboard */,
			);
			path = Launch;
			sourceTree = "<group>";
		};
		567C194A2BE029360040EDFA /* Repos */ = {
			isa = PBXGroup;
			children = (
				567C194B2BE029430040EDFA /* ReposViewController.swift */,
				562C854D2BE10EFA007064AC /* ReposViewModel.swift */,
				567C194D2BE02BF60040EDFA /* ReposTableViewCell.swift */,
			);
			path = Repos;
			sourceTree = "<group>";
		};
/* End PBXGroup section */

/* Begin PBXNativeTarget section */
		561C4BCF2BDEDCDE00D9099D /* SetviApp */ = {
			isa = PBXNativeTarget;
			buildConfigurationList = 561C4BDE2BDEDCDE00D9099D /* Build configuration list for PBXNativeTarget "SetviApp" */;
			buildPhases = (
				561C4BCC2BDEDCDE00D9099D /* Sources */,
				561C4BCD2BDEDCDE00D9099D /* Frameworks */,
				561C4BCE2BDEDCDE00D9099D /* Resources */,
			);
			buildRules = (
			);
			dependencies = (
			);
			name = SetviApp;
			productName = SetviApp;
			productReference = 561C4BD02BDEDCDE00D9099D /* SetviApp.app */;
			productType = "com.apple.product-type.application";
		};
/* End PBXNativeTarget section */

/* Begin PBXProject section */
		561C4BC82BDEDCDD00D9099D /* Project object */ = {
			isa = PBXProject;
			attributes = {
				BuildIndependentTargetsInParallel = 1;
				LastSwiftUpdateCheck = 1530;
				LastUpgradeCheck = 1530;
				TargetAttributes = {
					561C4BCF2BDEDCDE00D9099D = {
						CreatedOnToolsVersion = 15.3;
					};
				};
			};
			buildConfigurationList = 561C4BCB2BDEDCDD00D9099D /* Build configuration list for PBXProject "SetviApp" */;
			compatibilityVersion = "Xcode 14.0";
			developmentRegion = en;
			hasScannedForEncodings = 0;
			knownRegions = (
				en,
				Base,
			);
			mainGroup = 561C4BC72BDEDCDD00D9099D;
			productRefGroup = 561C4BD12BDEDCDE00D9099D /* Products */;
			projectDirPath = "";
			projectRoot = "";
			targets = (
				561C4BCF2BDEDCDE00D9099D /* SetviApp */,
			);
		};
/* End PBXProject section */

/* Begin PBXResourcesBuildPhase section */
		561C4BCE2BDEDCDE00D9099D /* Resources */ = {
			isa = PBXResourcesBuildPhase;
			buildActionMask = 2147483647;
			files = (
				561C4BF22BDEE12A00D9099D /* Launch Screen.storyboard in Resources */,
				561C4BDB2BDEDCDE00D9099D /* Preview Assets.xcassets in Resources */,
				561C4BD82BDEDCDE00D9099D /* Assets.xcassets in Resources */,
			);
			runOnlyForDeploymentPostprocessing = 0;
		};
/* End PBXResourcesBuildPhase section */

/* Begin PBXSourcesBuildPhase section */
		561C4BCC2BDEDCDE00D9099D /* Sources */ = {
			isa = PBXSourcesBuildPhase;
			buildActionMask = 2147483647;
			files = (
				561C4BE92BDEE05C00D9099D /* ColorSchemeManager.swift in Sources */,
				561C4BEB2BDEE09200D9099D /* Color+Ext.swift in Sources */,
				56989F702BDEEACD00A2077B /* UserDetailsViewModel.swift in Sources */,
				567C194C2BE029430040EDFA /* ReposViewController.swift in Sources */,
				562C854E2BE10EFA007064AC /* ReposViewModel.swift in Sources */,
				562C85502BE114F1007064AC /* Variable.swift in Sources */,
				56989F6E2BDEEA4100A2077B /* NetworkService.swift in Sources */,
				567C19492BE023EF0040EDFA /* UIApplication+Ext.swift in Sources */,
				561C4BD62BDEDCDE00D9099D /* UserDetailsView.swift in Sources */,
				567C194E2BE02BF60040EDFA /* ReposTableViewCell.swift in Sources */,
				561C4BED2BDEE0AD00D9099D /* UserDetailsService.swift in Sources */,
				561C4BD42BDEDCDE00D9099D /* SetviAppApp.swift in Sources */,
				567C19502BE02C4D0040EDFA /* UITableViewCell+Ext.swift in Sources */,
				56989F722BDEF0AF00A2077B /* ColorTheme.swift in Sources */,
				561C4BEF2BDEE0BA00D9099D /* UserDetails.swift in Sources */,
				567C19452BE018750040EDFA /* ProfileView.swift in Sources */,
				56989F6C2BDEE95000A2077B /* UserDetailsEndpoint.swift in Sources */,
			);
			runOnlyForDeploymentPostprocessing = 0;
		};
/* End PBXSourcesBuildPhase section */

/* Begin XCBuildConfiguration section */
		561C4BDC2BDEDCDE00D9099D /* Debug */ = {
			isa = XCBuildConfiguration;
			buildSettings = {
				ALWAYS_SEARCH_USER_PATHS = NO;
				ASSETCATALOG_COMPILER_GENERATE_SWIFT_ASSET_SYMBOL_EXTENSIONS = YES;
				CLANG_ANALYZER_NONNULL = YES;
				CLANG_ANALYZER_NUMBER_OBJECT_CONVERSION = YES_AGGRESSIVE;
				CLANG_CXX_LANGUAGE_STANDARD = "gnu++20";
				CLANG_ENABLE_MODULES = YES;
				CLANG_ENABLE_OBJC_ARC = YES;
				CLANG_ENABLE_OBJC_WEAK = YES;
				CLANG_WARN_BLOCK_CAPTURE_AUTORELEASING = YES;
				CLANG_WARN_BOOL_CONVERSION = YES;
				CLANG_WARN_COMMA = YES;
				CLANG_WARN_CONSTANT_CONVERSION = YES;
				CLANG_WARN_DEPRECATED_OBJC_IMPLEMENTATIONS = YES;
				CLANG_WARN_DIRECT_OBJC_ISA_USAGE = YES_ERROR;
				CLANG_WARN_DOCUMENTATION_COMMENTS = YES;
				CLANG_WARN_EMPTY_BODY = YES;
				CLANG_WARN_ENUM_CONVERSION = YES;
				CLANG_WARN_INFINITE_RECURSION = YES;
				CLANG_WARN_INT_CONVERSION = YES;
				CLANG_WARN_NON_LITERAL_NULL_CONVERSION = YES;
				CLANG_WARN_OBJC_IMPLICIT_RETAIN_SELF = YES;
				CLANG_WARN_OBJC_LITERAL_CONVERSION = YES;
				CLANG_WARN_OBJC_ROOT_CLASS = YES_ERROR;
				CLANG_WARN_QUOTED_INCLUDE_IN_FRAMEWORK_HEADER = YES;
				CLANG_WARN_RANGE_LOOP_ANALYSIS = YES;
				CLANG_WARN_STRICT_PROTOTYPES = YES;
				CLANG_WARN_SUSPICIOUS_MOVE = YES;
				CLANG_WARN_UNGUARDED_AVAILABILITY = YES_AGGRESSIVE;
				CLANG_WARN_UNREACHABLE_CODE = YES;
				CLANG_WARN__DUPLICATE_METHOD_MATCH = YES;
				COPY_PHASE_STRIP = NO;
				DEBUG_INFORMATION_FORMAT = dwarf;
				ENABLE_STRICT_OBJC_MSGSEND = YES;
				ENABLE_TESTABILITY = YES;
				ENABLE_USER_SCRIPT_SANDBOXING = YES;
				GCC_C_LANGUAGE_STANDARD = gnu17;
				GCC_DYNAMIC_NO_PIC = NO;
				GCC_NO_COMMON_BLOCKS = YES;
				GCC_OPTIMIZATION_LEVEL = 0;
				GCC_PREPROCESSOR_DEFINITIONS = (
					"DEBUG=1",
					"$(inherited)",
				);
				GCC_WARN_64_TO_32_BIT_CONVERSION = YES;
				GCC_WARN_ABOUT_RETURN_TYPE = YES_ERROR;
				GCC_WARN_UNDECLARED_SELECTOR = YES;
				GCC_WARN_UNINITIALIZED_AUTOS = YES_AGGRESSIVE;
				GCC_WARN_UNUSED_FUNCTION = YES;
				GCC_WARN_UNUSED_VARIABLE = YES;
				IPHONEOS_DEPLOYMENT_TARGET = 17.4;
				LOCALIZATION_PREFERS_STRING_CATALOGS = YES;
				MTL_ENABLE_DEBUG_INFO = INCLUDE_SOURCE;
				MTL_FAST_MATH = YES;
				ONLY_ACTIVE_ARCH = YES;
				SDKROOT = iphoneos;
				SWIFT_ACTIVE_COMPILATION_CONDITIONS = "DEBUG $(inherited)";
				SWIFT_OPTIMIZATION_LEVEL = "-Onone";
			};
			name = Debug;
		};
		561C4BDD2BDEDCDE00D9099D /* Release */ = {
			isa = XCBuildConfiguration;
			buildSettings = {
				ALWAYS_SEARCH_USER_PATHS = NO;
				ASSETCATALOG_COMPILER_GENERATE_SWIFT_ASSET_SYMBOL_EXTENSIONS = YES;
				CLANG_ANALYZER_NONNULL = YES;
				CLANG_ANALYZER_NUMBER_OBJECT_CONVERSION = YES_AGGRESSIVE;
				CLANG_CXX_LANGUAGE_STANDARD = "gnu++20";
				CLANG_ENABLE_MODULES = YES;
				CLANG_ENABLE_OBJC_ARC = YES;
				CLANG_ENABLE_OBJC_WEAK = YES;
				CLANG_WARN_BLOCK_CAPTURE_AUTORELEASING = YES;
				CLANG_WARN_BOOL_CONVERSION = YES;
				CLANG_WARN_COMMA = YES;
				CLANG_WARN_CONSTANT_CONVERSION = YES;
				CLANG_WARN_DEPRECATED_OBJC_IMPLEMENTATIONS = YES;
				CLANG_WARN_DIRECT_OBJC_ISA_USAGE = YES_ERROR;
				CLANG_WARN_DOCUMENTATION_COMMENTS = YES;
				CLANG_WARN_EMPTY_BODY = YES;
				CLANG_WARN_ENUM_CONVERSION = YES;
				CLANG_WARN_INFINITE_RECURSION = YES;
				CLANG_WARN_INT_CONVERSION = YES;
				CLANG_WARN_NON_LITERAL_NULL_CONVERSION = YES;
				CLANG_WARN_OBJC_IMPLICIT_RETAIN_SELF = YES;
				CLANG_WARN_OBJC_LITERAL_CONVERSION = YES;
				CLANG_WARN_OBJC_ROOT_CLASS = YES_ERROR;
				CLANG_WARN_QUOTED_INCLUDE_IN_FRAMEWORK_HEADER = YES;
				CLANG_WARN_RANGE_LOOP_ANALYSIS = YES;
				CLANG_WARN_STRICT_PROTOTYPES = YES;
				CLANG_WARN_SUSPICIOUS_MOVE = YES;
				CLANG_WARN_UNGUARDED_AVAILABILITY = YES_AGGRESSIVE;
				CLANG_WARN_UNREACHABLE_CODE = YES;
				CLANG_WARN__DUPLICATE_METHOD_MATCH = YES;
				COPY_PHASE_STRIP = NO;
				DEBUG_INFORMATION_FORMAT = "dwarf-with-dsym";
				ENABLE_NS_ASSERTIONS = NO;
				ENABLE_STRICT_OBJC_MSGSEND = YES;
				ENABLE_USER_SCRIPT_SANDBOXING = YES;
				GCC_C_LANGUAGE_STANDARD = gnu17;
				GCC_NO_COMMON_BLOCKS = YES;
				GCC_WARN_64_TO_32_BIT_CONVERSION = YES;
				GCC_WARN_ABOUT_RETURN_TYPE = YES_ERROR;
				GCC_WARN_UNDECLARED_SELECTOR = YES;
				GCC_WARN_UNINITIALIZED_AUTOS = YES_AGGRESSIVE;
				GCC_WARN_UNUSED_FUNCTION = YES;
				GCC_WARN_UNUSED_VARIABLE = YES;
				IPHONEOS_DEPLOYMENT_TARGET = 17.4;
				LOCALIZATION_PREFERS_STRING_CATALOGS = YES;
				MTL_ENABLE_DEBUG_INFO = NO;
				MTL_FAST_MATH = YES;
				SDKROOT = iphoneos;
				SWIFT_COMPILATION_MODE = wholemodule;
				VALIDATE_PRODUCT = YES;
			};
			name = Release;
		};
		561C4BDF2BDEDCDE00D9099D /* Debug */ = {
			isa = XCBuildConfiguration;
			buildSettings = {
				ASSETCATALOG_COMPILER_APPICON_NAME = AppIcon;
				ASSETCATALOG_COMPILER_GLOBAL_ACCENT_COLOR_NAME = AccentColor;
				CODE_SIGN_STYLE = Automatic;
				CURRENT_PROJECT_VERSION = 1;
				DEVELOPMENT_ASSET_PATHS = "\"SetviApp/Preview Content\"";
				DEVELOPMENT_TEAM = DE6VPLL92H;
				ENABLE_PREVIEWS = YES;
				GENERATE_INFOPLIST_FILE = YES;
				INFOPLIST_KEY_UIApplicationSceneManifest_Generation = YES;
				INFOPLIST_KEY_UIApplicationSupportsIndirectInputEvents = YES;
				INFOPLIST_KEY_UILaunchScreen_Generation = YES;
				INFOPLIST_KEY_UILaunchStoryboardName = "Launch Screen.storyboard";
				INFOPLIST_KEY_UIRequiresFullScreen = YES;
				INFOPLIST_KEY_UISupportedInterfaceOrientations = UIInterfaceOrientationPortrait;
				IPHONEOS_DEPLOYMENT_TARGET = 16.0;
				LD_RUNPATH_SEARCH_PATHS = (
					"$(inherited)",
					"@executable_path/Frameworks",
				);
				MARKETING_VERSION = 1.0;
				PRODUCT_BUNDLE_IDENTIFIER = strahinjailic.SetviApp;
				PRODUCT_NAME = "$(TARGET_NAME)";
				SWIFT_EMIT_LOC_STRINGS = YES;
				SWIFT_VERSION = 5.0;
				TARGETED_DEVICE_FAMILY = "1,2";
			};
			name = Debug;
		};
		561C4BE02BDEDCDE00D9099D /* Release */ = {
			isa = XCBuildConfiguration;
			buildSettings = {
				ASSETCATALOG_COMPILER_APPICON_NAME = AppIcon;
				ASSETCATALOG_COMPILER_GLOBAL_ACCENT_COLOR_NAME = AccentColor;
				CODE_SIGN_STYLE = Automatic;
				CURRENT_PROJECT_VERSION = 1;
				DEVELOPMENT_ASSET_PATHS = "\"SetviApp/Preview Content\"";
				DEVELOPMENT_TEAM = DE6VPLL92H;
				ENABLE_PREVIEWS = YES;
				GENERATE_INFOPLIST_FILE = YES;
				INFOPLIST_KEY_UIApplicationSceneManifest_Generation = YES;
				INFOPLIST_KEY_UIApplicationSupportsIndirectInputEvents = YES;
				INFOPLIST_KEY_UILaunchScreen_Generation = YES;
				INFOPLIST_KEY_UILaunchStoryboardName = "Launch Screen.storyboard";
				INFOPLIST_KEY_UIRequiresFullScreen = YES;
				INFOPLIST_KEY_UISupportedInterfaceOrientations = UIInterfaceOrientationPortrait;
				IPHONEOS_DEPLOYMENT_TARGET = 16.0;
				LD_RUNPATH_SEARCH_PATHS = (
					"$(inherited)",
					"@executable_path/Frameworks",
				);
				MARKETING_VERSION = 1.0;
				PRODUCT_BUNDLE_IDENTIFIER = strahinjailic.SetviApp;
				PRODUCT_NAME = "$(TARGET_NAME)";
				SWIFT_EMIT_LOC_STRINGS = YES;
				SWIFT_VERSION = 5.0;
				TARGETED_DEVICE_FAMILY = "1,2";
			};
			name = Release;
		};
/* End XCBuildConfiguration section */

/* Begin XCConfigurationList section */
		561C4BCB2BDEDCDD00D9099D /* Build configuration list for PBXProject "SetviApp" */ = {
			isa = XCConfigurationList;
			buildConfigurations = (
				561C4BDC2BDEDCDE00D9099D /* Debug */,
				561C4BDD2BDEDCDE00D9099D /* Release */,
			);
			defaultConfigurationIsVisible = 0;
			defaultConfigurationName = Release;
		};
		561C4BDE2BDEDCDE00D9099D /* Build configuration list for PBXNativeTarget "SetviApp" */ = {
			isa = XCConfigurationList;
			buildConfigurations = (
				561C4BDF2BDEDCDE00D9099D /* Debug */,
				561C4BE02BDEDCDE00D9099D /* Release */,
			);
			defaultConfigurationIsVisible = 0;
			defaultConfigurationName = Release;
		};
/* End XCConfigurationList section */
	};
	rootObject = 561C4BC82BDEDCDD00D9099D /* Project object */;
}
